// !$*UTF8*$!
{
	archiveVersion = 1;
	classes = {
	};
	objectVersion = 46;
	objects = {

/* Begin PBXBuildFile section */
		F93FA32918B6EC25009EE7E2 /* XCTest.framework in Frameworks */ = {isa = PBXBuildFile; fileRef = F9A454BE18B2C746000BD818 /* XCTest.framework */; };
		F93FA32A18B6EC2B009EE7E2 /* Foundation.framework in Frameworks */ = {isa = PBXBuildFile; fileRef = F9A454A518B2C746000BD818 /* Foundation.framework */; };
		F93FA34018B6EEB6009EE7E2 /* Foundation.framework in Frameworks */ = {isa = PBXBuildFile; fileRef = F9A454A518B2C746000BD818 /* Foundation.framework */; };
		F93FA34318B6EEB6009EE7E2 /* KKPriorityQueueBenchmarks.m in Sources */ = {isa = PBXBuildFile; fileRef = F93FA34218B6EEB6009EE7E2 /* KKPriorityQueueBenchmarks.m */; };
		F93FA34B18B6F016009EE7E2 /* KKPriorityQueue.m in Sources */ = {isa = PBXBuildFile; fileRef = F9A454D518B2C79D000BD818 /* KKPriorityQueue.m */; };
		F9A454CB18B2C746000BD818 /* KKPriorityQueueTests.m in Sources */ = {isa = PBXBuildFile; fileRef = F9A454CA18B2C746000BD818 /* KKPriorityQueueTests.m */; };
		F9A454D718B2C79D000BD818 /* KKPriorityQueue.m in Sources */ = {isa = PBXBuildFile; fileRef = F9A454D518B2C79D000BD818 /* KKPriorityQueue.m */; };
/* End PBXBuildFile section */

/* Begin PBXCopyFilesBuildPhase section */
		F93FA33D18B6EEB6009EE7E2 /* CopyFiles */ = {
			isa = PBXCopyFilesBuildPhase;
			buildActionMask = 2147483647;
			dstPath = /usr/share/man/man1/;
			dstSubfolderSpec = 0;
			files = (
			);
			runOnlyForDeploymentPostprocessing = 1;
		};
/* End PBXCopyFilesBuildPhase section */

/* Begin PBXFileReference section */
		F93FA33F18B6EEB6009EE7E2 /* KKPriorityQueueBenchmark */ = {isa = PBXFileReference; explicitFileType = "compiled.mach-o.executable"; includeInIndex = 0; path = KKPriorityQueueBenchmark; sourceTree = BUILT_PRODUCTS_DIR; };
		F93FA34218B6EEB6009EE7E2 /* KKPriorityQueueBenchmarks.m */ = {isa = PBXFileReference; lastKnownFileType = sourcecode.c.objc; path = KKPriorityQueueBenchmarks.m; sourceTree = "<group>"; };
		F9A454A518B2C746000BD818 /* Foundation.framework */ = {isa = PBXFileReference; lastKnownFileType = wrapper.framework; name = Foundation.framework; path = System/Library/Frameworks/Foundation.framework; sourceTree = SDKROOT; };
		F9A454BD18B2C746000BD818 /* KKPriorityQueueTests.xctest */ = {isa = PBXFileReference; explicitFileType = wrapper.cfbundle; includeInIndex = 0; path = KKPriorityQueueTests.xctest; sourceTree = BUILT_PRODUCTS_DIR; };
		F9A454BE18B2C746000BD818 /* XCTest.framework */ = {isa = PBXFileReference; lastKnownFileType = wrapper.framework; name = XCTest.framework; path = Library/Frameworks/XCTest.framework; sourceTree = DEVELOPER_DIR; };
		F9A454C618B2C746000BD818 /* KKPriorityQueueTests-Info.plist */ = {isa = PBXFileReference; lastKnownFileType = text.plist.xml; path = "KKPriorityQueueTests-Info.plist"; sourceTree = "<group>"; };
		F9A454CA18B2C746000BD818 /* KKPriorityQueueTests.m */ = {isa = PBXFileReference; lastKnownFileType = sourcecode.c.objc; path = KKPriorityQueueTests.m; sourceTree = "<group>"; };
		F9A454D418B2C79D000BD818 /* KKPriorityQueue.h */ = {isa = PBXFileReference; fileEncoding = 4; lastKnownFileType = sourcecode.c.h; path = KKPriorityQueue.h; sourceTree = "<group>"; };
		F9A454D518B2C79D000BD818 /* KKPriorityQueue.m */ = {isa = PBXFileReference; fileEncoding = 4; lastKnownFileType = sourcecode.c.objc; path = KKPriorityQueue.m; sourceTree = "<group>"; };
/* End PBXFileReference section */

/* Begin PBXFrameworksBuildPhase section */
		F93FA33C18B6EEB6009EE7E2 /* Frameworks */ = {
			isa = PBXFrameworksBuildPhase;
			buildActionMask = 2147483647;
			files = (
				F93FA34018B6EEB6009EE7E2 /* Foundation.framework in Frameworks */,
			);
			runOnlyForDeploymentPostprocessing = 0;
		};
		F9A454BA18B2C746000BD818 /* Frameworks */ = {
			isa = PBXFrameworksBuildPhase;
			buildActionMask = 2147483647;
			files = (
				F93FA32A18B6EC2B009EE7E2 /* Foundation.framework in Frameworks */,
				F93FA32918B6EC25009EE7E2 /* XCTest.framework in Frameworks */,
			);
			runOnlyForDeploymentPostprocessing = 0;
		};
/* End PBXFrameworksBuildPhase section */

/* Begin PBXGroup section */
		F93FA34118B6EEB6009EE7E2 /* KKPriorityQueueBenchmarks */ = {
			isa = PBXGroup;
			children = (
				F93FA34218B6EEB6009EE7E2 /* KKPriorityQueueBenchmarks.m */,
			);
			path = KKPriorityQueueBenchmarks;
			sourceTree = "<group>";
		};
		F9A4549918B2C746000BD818 = {
			isa = PBXGroup;
			children = (
				F9A454AB18B2C746000BD818 /* KKPriorityQueue */,
				F9A454C418B2C746000BD818 /* KKPriorityQueueTests */,
				F93FA34118B6EEB6009EE7E2 /* KKPriorityQueueBenchmarks */,
				F9A454A418B2C746000BD818 /* Frameworks */,
				F9A454A318B2C746000BD818 /* Products */,
			);
			sourceTree = "<group>";
		};
		F9A454A318B2C746000BD818 /* Products */ = {
			isa = PBXGroup;
			children = (
				F9A454BD18B2C746000BD818 /* KKPriorityQueueTests.xctest */,
				F93FA33F18B6EEB6009EE7E2 /* KKPriorityQueueBenchmark */,
			);
			name = Products;
			sourceTree = "<group>";
		};
		F9A454A418B2C746000BD818 /* Frameworks */ = {
			isa = PBXGroup;
			children = (
				F9A454A518B2C746000BD818 /* Foundation.framework */,
				F9A454BE18B2C746000BD818 /* XCTest.framework */,
			);
			name = Frameworks;
			sourceTree = "<group>";
		};
		F9A454AB18B2C746000BD818 /* KKPriorityQueue */ = {
			isa = PBXGroup;
			children = (
				F9A454D418B2C79D000BD818 /* KKPriorityQueue.h */,
				F9A454D518B2C79D000BD818 /* KKPriorityQueue.m */,
			);
			path = KKPriorityQueue;
			sourceTree = "<group>";
		};
		F9A454C418B2C746000BD818 /* KKPriorityQueueTests */ = {
			isa = PBXGroup;
			children = (
				F9A454CA18B2C746000BD818 /* KKPriorityQueueTests.m */,
				F9A454C518B2C746000BD818 /* Supporting Files */,
			);
			path = KKPriorityQueueTests;
			sourceTree = "<group>";
		};
		F9A454C518B2C746000BD818 /* Supporting Files */ = {
			isa = PBXGroup;
			children = (
				F9A454C618B2C746000BD818 /* KKPriorityQueueTests-Info.plist */,
			);
			name = "Supporting Files";
			sourceTree = "<group>";
		};
/* End PBXGroup section */

/* Begin PBXNativeTarget section */
		F93FA33E18B6EEB6009EE7E2 /* KKPriorityQueueBenchmarks */ = {
			isa = PBXNativeTarget;
			buildConfigurationList = F93FA34A18B6EEB6009EE7E2 /* Build configuration list for PBXNativeTarget "KKPriorityQueueBenchmarks" */;
			buildPhases = (
				F93FA33B18B6EEB6009EE7E2 /* Sources */,
				F93FA33C18B6EEB6009EE7E2 /* Frameworks */,
				F93FA33D18B6EEB6009EE7E2 /* CopyFiles */,
			);
			buildRules = (
			);
			dependencies = (
			);
			name = KKPriorityQueueBenchmarks;
			productName = KKPriorityQueueBenchmark;
			productReference = F93FA33F18B6EEB6009EE7E2 /* KKPriorityQueueBenchmark */;
			productType = "com.apple.product-type.tool";
		};
		F9A454BC18B2C746000BD818 /* KKPriorityQueueTests */ = {
			isa = PBXNativeTarget;
			buildConfigurationList = F9A454D118B2C746000BD818 /* Build configuration list for PBXNativeTarget "KKPriorityQueueTests" */;
			buildPhases = (
				F9A454B918B2C746000BD818 /* Sources */,
				F9A454BA18B2C746000BD818 /* Frameworks */,
				F9A454BB18B2C746000BD818 /* Resources */,
			);
			buildRules = (
			);
			dependencies = (
			);
			name = KKPriorityQueueTests;
			productName = KKPriorityQueueTests;
			productReference = F9A454BD18B2C746000BD818 /* KKPriorityQueueTests.xctest */;
			productType = "com.apple.product-type.bundle.unit-test";
		};
/* End PBXNativeTarget section */

/* Begin PBXProject section */
		F9A4549A18B2C746000BD818 /* Project object */ = {
			isa = PBXProject;
			attributes = {
				CLASSPREFIX = KK;
				LastUpgradeCheck = 0500;
				ORGANIZATIONNAME = "Karol Kozub";
				TargetAttributes = {
					F9A454BC18B2C746000BD818 = {
						TestTargetID = F9A454A118B2C746000BD818;
					};
				};
			};
			buildConfigurationList = F9A4549D18B2C746000BD818 /* Build configuration list for PBXProject "KKPriorityQueue" */;
			compatibilityVersion = "Xcode 3.2";
			developmentRegion = English;
			hasScannedForEncodings = 0;
			knownRegions = (
				en,
			);
			mainGroup = F9A4549918B2C746000BD818;
			productRefGroup = F9A454A318B2C746000BD818 /* Products */;
			projectDirPath = "";
			projectRoot = "";
			targets = (
				F9A454BC18B2C746000BD818 /* KKPriorityQueueTests */,
				F93FA33E18B6EEB6009EE7E2 /* KKPriorityQueueBenchmarks */,
			);
		};
/* End PBXProject section */

/* Begin PBXResourcesBuildPhase section */
		F9A454BB18B2C746000BD818 /* Resources */ = {
			isa = PBXResourcesBuildPhase;
			buildActionMask = 2147483647;
			files = (
			);
			runOnlyForDeploymentPostprocessing = 0;
		};
/* End PBXResourcesBuildPhase section */

/* Begin PBXSourcesBuildPhase section */
		F93FA33B18B6EEB6009EE7E2 /* Sources */ = {
			isa = PBXSourcesBuildPhase;
			buildActionMask = 2147483647;
			files = (
				F93FA34318B6EEB6009EE7E2 /* KKPriorityQueueBenchmarks.m in Sources */,
				F93FA34B18B6F016009EE7E2 /* KKPriorityQueue.m in Sources */,
			);
			runOnlyForDeploymentPostprocessing = 0;
		};
		F9A454B918B2C746000BD818 /* Sources */ = {
			isa = PBXSourcesBuildPhase;
			buildActionMask = 2147483647;
			files = (
				F9A454CB18B2C746000BD818 /* KKPriorityQueueTests.m in Sources */,
				F9A454D718B2C79D000BD818 /* KKPriorityQueue.m in Sources */,
			);
			runOnlyForDeploymentPostprocessing = 0;
		};
/* End PBXSourcesBuildPhase section */

/* Begin XCBuildConfiguration section */
		F93FA34818B6EEB6009EE7E2 /* Debug */ = {
			isa = XCBuildConfiguration;
			buildSettings = {
				GCC_ENABLE_OBJC_EXCEPTIONS = YES;
				GCC_PRECOMPILE_PREFIX_HEADER = YES;
				GCC_PREFIX_HEADER = "";
				GCC_PREPROCESSOR_DEFINITIONS = (
					"DEBUG=1",
					"$(inherited)",
				);
				MACOSX_DEPLOYMENT_TARGET = 10.9;
				PRODUCT_NAME = "$(TARGET_NAME)";
			};
			name = Debug;
		};
		F93FA34918B6EEB6009EE7E2 /* Release */ = {
			isa = XCBuildConfiguration;
			buildSettings = {
				DEBUG_INFORMATION_FORMAT = "dwarf-with-dsym";
				GCC_ENABLE_OBJC_EXCEPTIONS = YES;
				GCC_PRECOMPILE_PREFIX_HEADER = YES;
				GCC_PREFIX_HEADER = "";
				MACOSX_DEPLOYMENT_TARGET = 10.9;
				PRODUCT_NAME = "$(TARGET_NAME)";
			};
			name = Release;
		};
		F9A454CC18B2C746000BD818 /* Debug */ = {
			isa = XCBuildConfiguration;
			buildSettings = {
				ALWAYS_SEARCH_USER_PATHS = NO;
				ARCHS = "$(ARCHS_STANDARD_INCLUDING_64_BIT)";
				CLANG_CXX_LANGUAGE_STANDARD = "gnu++0x";
				CLANG_CXX_LIBRARY = "libc++";
				CLANG_ENABLE_MODULES = YES;
				CLANG_ENABLE_OBJC_ARC = YES;
				CLANG_WARN_BOOL_CONVERSION = YES;
				CLANG_WARN_CONSTANT_CONVERSION = YES;
				CLANG_WARN_DIRECT_OBJC_ISA_USAGE = YES_ERROR;
				CLANG_WARN_EMPTY_BODY = YES;
				CLANG_WARN_ENUM_CONVERSION = YES;
				CLANG_WARN_INT_CONVERSION = YES;
				CLANG_WARN_OBJC_ROOT_CLASS = YES_ERROR;
				CLANG_WARN__DUPLICATE_METHOD_MATCH = YES;
				"CODE_SIGN_IDENTITY[sdk=iphoneos*]" = "iPhone Developer";
				COPY_PHASE_STRIP = NO;
				GCC_C_LANGUAGE_STANDARD = gnu99;
				GCC_DYNAMIC_NO_PIC = NO;
				GCC_OPTIMIZATION_LEVEL = 0;
				GCC_PREPROCESSOR_DEFINITIONS = (
					"DEBUG=1",
					"$(inherited)",
				);
				GCC_SYMBOLS_PRIVATE_EXTERN = NO;
				GCC_WARN_64_TO_32_BIT_CONVERSION = YES;
				GCC_WARN_ABOUT_RETURN_TYPE = YES_ERROR;
				GCC_WARN_UNDECLARED_SELECTOR = YES;
				GCC_WARN_UNINITIALIZED_AUTOS = YES;
				GCC_WARN_UNUSED_FUNCTION = YES;
				GCC_WARN_UNUSED_VARIABLE = YES;
				IPHONEOS_DEPLOYMENT_TARGET = 7.0;
				ONLY_ACTIVE_ARCH = YES;
				SDKROOT = macosx;
			};
			name = Debug;
		};
		F9A454CD18B2C746000BD818 /* Release */ = {
			isa = XCBuildConfiguration;
			buildSettings = {
				ALWAYS_SEARCH_USER_PATHS = NO;
				ARCHS = "$(ARCHS_STANDARD_INCLUDING_64_BIT)";
				CLANG_CXX_LANGUAGE_STANDARD = "gnu++0x";
				CLANG_CXX_LIBRARY = "libc++";
				CLANG_ENABLE_MODULES = YES;
				CLANG_ENABLE_OBJC_ARC = YES;
				CLANG_WARN_BOOL_CONVERSION = YES;
				CLANG_WARN_CONSTANT_CONVERSION = YES;
				CLANG_WARN_DIRECT_OBJC_ISA_USAGE = YES_ERROR;
				CLANG_WARN_EMPTY_BODY = YES;
				CLANG_WARN_ENUM_CONVERSION = YES;
				CLANG_WARN_INT_CONVERSION = YES;
				CLANG_WARN_OBJC_ROOT_CLASS = YES_ERROR;
				CLANG_WARN__DUPLICATE_METHOD_MATCH = YES;
				"CODE_SIGN_IDENTITY[sdk=iphoneos*]" = "iPhone Developer";
				COPY_PHASE_STRIP = YES;
				ENABLE_NS_ASSERTIONS = NO;
				GCC_C_LANGUAGE_STANDARD = gnu99;
				GCC_WARN_64_TO_32_BIT_CONVERSION = YES;
				GCC_WARN_ABOUT_RETURN_TYPE = YES_ERROR;
				GCC_WARN_UNDECLARED_SELECTOR = YES;
				GCC_WARN_UNINITIALIZED_AUTOS = YES;
				GCC_WARN_UNUSED_FUNCTION = YES;
				GCC_WARN_UNUSED_VARIABLE = YES;
				IPHONEOS_DEPLOYMENT_TARGET = 7.0;
				SDKROOT = macosx;
				VALIDATE_PRODUCT = YES;
			};
			name = Release;
		};
		F9A454D218B2C746000BD818 /* Debug */ = {
			isa = XCBuildConfiguration;
			buildSettings = {
				ARCHS = "$(ARCHS_STANDARD_INCLUDING_64_BIT)";
				BUNDLE_LOADER = "";
				FRAMEWORK_SEARCH_PATHS = (
					"$(inherited)",
					"$(DEVELOPER_FRAMEWORKS_DIR)",
				);
				GCC_PRECOMPILE_PREFIX_HEADER = YES;
				GCC_PREFIX_HEADER = "";
				GCC_PREPROCESSOR_DEFINITIONS = (
					"DEBUG=1",
					"$(inherited)",
				);
				INFOPLIST_FILE = "KKPriorityQueueTests/KKPriorityQueueTests-Info.plist";
				PRODUCT_NAME = "$(TARGET_NAME)";
				SDKROOT = macosx;
				TEST_HOST = "$(BUNDLE_LOADER)";
				WRAPPER_EXTENSION = xctest;
			};
			name = Debug;
		};
		F9A454D318B2C746000BD818 /* Release */ = {
			isa = XCBuildConfiguration;
			buildSettings = {
				ARCHS = "$(ARCHS_STANDARD_INCLUDING_64_BIT)";
				BUNDLE_LOADER = "";
				FRAMEWORK_SEARCH_PATHS = (
					"$(inherited)",
					"$(DEVELOPER_FRAMEWORKS_DIR)",
				);
				GCC_PRECOMPILE_PREFIX_HEADER = YES;
				GCC_PREFIX_HEADER = "";
				INFOPLIST_FILE = "KKPriorityQueueTests/KKPriorityQueueTests-Info.plist";
				PRODUCT_NAME = "$(TARGET_NAME)";
				SDKROOT = macosx;
				TEST_HOST = "$(BUNDLE_LOADER)";
				WRAPPER_EXTENSION = xctest;
			};
			name = Release;
		};
/* End XCBuildConfiguration section */

/* Begin XCConfigurationList section */
		F93FA34A18B6EEB6009EE7E2 /* Build configuration list for PBXNativeTarget "KKPriorityQueueBenchmarks" */ = {
			isa = XCConfigurationList;
			buildConfigurations = (
				F93FA34818B6EEB6009EE7E2 /* Debug */,
				F93FA34918B6EEB6009EE7E2 /* Release */,
			);
			defaultConfigurationIsVisible = 0;
		};
		F9A4549D18B2C746000BD818 /* Build configuration list for PBXProject "KKPriorityQueue" */ = {
			isa = XCConfigurationList;
			buildConfigurations = (
				F9A454CC18B2C746000BD818 /* Debug */,
				F9A454CD18B2C746000BD818 /* Release */,
			);
			defaultConfigurationIsVisible = 0;
			defaultConfigurationName = Release;
		};
		F9A454D118B2C746000BD818 /* Build configuration list for PBXNativeTarget "KKPriorityQueueTests" */ = {
			isa = XCConfigurationList;
			buildConfigurations = (
				F9A454D218B2C746000BD818 /* Debug */,
				F9A454D318B2C746000BD818 /* Release */,
			);
			defaultConfigurationIsVisible = 0;
			defaultConfigurationName = Release;
		};
/* End XCConfigurationList section */
	};
	rootObject = F9A4549A18B2C746000BD818 /* Project object */;
}
